// !$*UTF8*$!
{
	archiveVersion = 1;
	classes = {
	};
	objectVersion = 50;
	objects = {

/* Begin PBXBuildFile section */
		380BAB582531041E0005FD1D /* AppDelegate.swift in Sources */ = {isa = PBXBuildFile; fileRef = 380BAB572531041E0005FD1D /* AppDelegate.swift */; };
		380BAB5A2531041E0005FD1D /* SceneDelegate.swift in Sources */ = {isa = PBXBuildFile; fileRef = 380BAB592531041E0005FD1D /* SceneDelegate.swift */; };
		380BAB5C2531041E0005FD1D /* ViewController.swift in Sources */ = {isa = PBXBuildFile; fileRef = 380BAB5B2531041E0005FD1D /* ViewController.swift */; };
		380BAB5F2531041E0005FD1D /* Main.storyboard in Resources */ = {isa = PBXBuildFile; fileRef = 380BAB5D2531041E0005FD1D /* Main.storyboard */; };
		380BAB61253104210005FD1D /* Assets.xcassets in Resources */ = {isa = PBXBuildFile; fileRef = 380BAB60253104210005FD1D /* Assets.xcassets */; };
		380BAB64253104210005FD1D /* LaunchScreen.storyboard in Resources */ = {isa = PBXBuildFile; fileRef = 380BAB62253104210005FD1D /* LaunchScreen.storyboard */; };
		380BAB6F253104210005FD1D /* XCTestLifecycleTests.swift in Sources */ = {isa = PBXBuildFile; fileRef = 380BAB6E253104210005FD1D /* XCTestLifecycleTests.swift */; };
/* End PBXBuildFile section */

/* Begin PBXContainerItemProxy section */
		380BAB6B253104210005FD1D /* PBXContainerItemProxy */ = {
			isa = PBXContainerItemProxy;
			containerPortal = 380BAB4C2531041E0005FD1D /* Project object */;
			proxyType = 1;
			remoteGlobalIDString = 380BAB532531041E0005FD1D;
			remoteInfo = XCTestLifecycle;
		};
/* End PBXContainerItemProxy section */

/* Begin PBXFileReference section */
		380BAB542531041E0005FD1D /* XCTestLifecycle.app */ = {isa = PBXFileReference; explicitFileType = wrapper.application; includeInIndex = 0; path = XCTestLifecycle.app; sourceTree = BUILT_PRODUCTS_DIR; };
		380BAB572531041E0005FD1D /* AppDelegate.swift */ = {isa = PBXFileReference; lastKnownFileType = sourcecode.swift; path = AppDelegate.swift; sourceTree = "<group>"; };
		380BAB592531041E0005FD1D /* SceneDelegate.swift */ = {isa = PBXFileReference; lastKnownFileType = sourcecode.swift; path = SceneDelegate.swift; sourceTree = "<group>"; };
		380BAB5B2531041E0005FD1D /* ViewController.swift */ = {isa = PBXFileReference; lastKnownFileType = sourcecode.swift; path = ViewController.swift; sourceTree = "<group>"; };
		380BAB5E2531041E0005FD1D /* Base */ = {isa = PBXFileReference; lastKnownFileType = file.storyboard; name = Base; path = Base.lproj/Main.storyboard; sourceTree = "<group>"; };
		380BAB60253104210005FD1D /* Assets.xcassets */ = {isa = PBXFileReference; lastKnownFileType = folder.assetcatalog; path = Assets.xcassets; sourceTree = "<group>"; };
		380BAB63253104210005FD1D /* Base */ = {isa = PBXFileReference; lastKnownFileType = file.storyboard; name = Base; path = Base.lproj/LaunchScreen.storyboard; sourceTree = "<group>"; };
		380BAB65253104210005FD1D /* Info.plist */ = {isa = PBXFileReference; lastKnownFileType = text.plist.xml; path = Info.plist; sourceTree = "<group>"; };
		380BAB6A253104210005FD1D /* XCTestLifecycleTests.xctest */ = {isa = PBXFileReference; explicitFileType = wrapper.cfbundle; includeInIndex = 0; path = XCTestLifecycleTests.xctest; sourceTree = BUILT_PRODUCTS_DIR; };
		380BAB6E253104210005FD1D /* XCTestLifecycleTests.swift */ = {isa = PBXFileReference; lastKnownFileType = sourcecode.swift; path = XCTestLifecycleTests.swift; sourceTree = "<group>"; };
		380BAB70253104210005FD1D /* Info.plist */ = {isa = PBXFileReference; lastKnownFileType = text.plist.xml; path = Info.plist; sourceTree = "<group>"; };
/* End PBXFileReference section */

/* Begin PBXFrameworksBuildPhase section */
		380BAB512531041E0005FD1D /* Frameworks */ = {
			isa = PBXFrameworksBuildPhase;
			buildActionMask = 2147483647;
			files = (
			);
			runOnlyForDeploymentPostprocessing = 0;
		};
		380BAB67253104210005FD1D /* Frameworks */ = {
			isa = PBXFrameworksBuildPhase;
			buildActionMask = 2147483647;
			files = (
			);
			runOnlyForDeploymentPostprocessing = 0;
		};
/* End PBXFrameworksBuildPhase section */

/* Begin PBXGroup section */
		380BAB4B2531041E0005FD1D = {
			isa = PBXGroup;
			children = (
				380BAB562531041E0005FD1D /* XCTestLifecycle */,
				380BAB6D253104210005FD1D /* XCTestLifecycleTests */,
				380BAB552531041E0005FD1D /* Products */,
			);
			sourceTree = "<group>";
		};
		380BAB552531041E0005FD1D /* Products */ = {
			isa = PBXGroup;
			children = (
				380BAB542531041E0005FD1D /* XCTestLifecycle.app */,
				380BAB6A253104210005FD1D /* XCTestLifecycleTests.xctest */,
			);
			name = Products;
			sourceTree = "<group>";
		};
		380BAB562531041E0005FD1D /* XCTestLifecycle */ = {
			isa = PBXGroup;
			children = (
				380BAB65253104210005FD1D /* Info.plist */,
				380BAB572531041E0005FD1D /* AppDelegate.swift */,
				380BAB592531041E0005FD1D /* SceneDelegate.swift */,
				380BAB5B2531041E0005FD1D /* ViewController.swift */,
				380BAB60253104210005FD1D /* Assets.xcassets */,
				380BAB62253104210005FD1D /* LaunchScreen.storyboard */,
				380BAB5D2531041E0005FD1D /* Main.storyboard */,
			);
			path = XCTestLifecycle;
			sourceTree = "<group>";
		};
		380BAB6D253104210005FD1D /* XCTestLifecycleTests */ = {
			isa = PBXGroup;
			children = (
				380BAB70253104210005FD1D /* Info.plist */,
				380BAB6E253104210005FD1D /* XCTestLifecycleTests.swift */,
			);
			path = XCTestLifecycleTests;
			sourceTree = "<group>";
		};
/* End PBXGroup section */

/* Begin PBXNativeTarget section */
		380BAB532531041E0005FD1D /* XCTestLifecycle */ = {
			isa = PBXNativeTarget;
			buildConfigurationList = 380BAB7E253104210005FD1D /* Build configuration list for PBXNativeTarget "XCTestLifecycle" */;
			buildPhases = (
				380BAB502531041E0005FD1D /* Sources */,
				380BAB512531041E0005FD1D /* Frameworks */,
				380BAB522531041E0005FD1D /* Resources */,
			);
			buildRules = (
			);
			dependencies = (
			);
			name = XCTestLifecycle;
			productName = XCTestLifecycle;
			productReference = 380BAB542531041E0005FD1D /* XCTestLifecycle.app */;
			productType = "com.apple.product-type.application";
		};
		380BAB69253104210005FD1D /* XCTestLifecycleTests */ = {
			isa = PBXNativeTarget;
			buildConfigurationList = 380BAB81253104210005FD1D /* Build configuration list for PBXNativeTarget "XCTestLifecycleTests" */;
			buildPhases = (
				380BAB66253104210005FD1D /* Sources */,
				380BAB67253104210005FD1D /* Frameworks */,
				380BAB68253104210005FD1D /* Resources */,
			);
			buildRules = (
			);
			dependencies = (
				380BAB6C253104210005FD1D /* PBXTargetDependency */,
			);
			name = XCTestLifecycleTests;
			productName = XCTestLifecycleTests;
			productReference = 380BAB6A253104210005FD1D /* XCTestLifecycleTests.xctest */;
			productType = "com.apple.product-type.bundle.unit-test";
		};
/* End PBXNativeTarget section */

/* Begin PBXProject section */
		380BAB4C2531041E0005FD1D /* Project object */ = {
			isa = PBXProject;
			attributes = {
				LastSwiftUpdateCheck = 1200;
				LastUpgradeCheck = 1200;
				TargetAttributes = {
					380BAB532531041E0005FD1D = {
						CreatedOnToolsVersion = 12.0.1;
					};
					380BAB69253104210005FD1D = {
						CreatedOnToolsVersion = 12.0.1;
						TestTargetID = 380BAB532531041E0005FD1D;
					};
				};
			};
			buildConfigurationList = 380BAB4F2531041E0005FD1D /* Build configuration list for PBXProject "XCTestLifecycle" */;
			compatibilityVersion = "Xcode 9.3";
			developmentRegion = en;
			hasScannedForEncodings = 0;
			knownRegions = (
				en,
				Base,
			);
			mainGroup = 380BAB4B2531041E0005FD1D;
			productRefGroup = 380BAB552531041E0005FD1D /* Products */;
			projectDirPath = "";
			projectRoot = "";
			targets = (
				380BAB532531041E0005FD1D /* XCTestLifecycle */,
				380BAB69253104210005FD1D /* XCTestLifecycleTests */,
			);
		};
/* End PBXProject section */

/* Begin PBXResourcesBuildPhase section */
		380BAB522531041E0005FD1D /* Resources */ = {
			isa = PBXResourcesBuildPhase;
			buildActionMask = 2147483647;
			files = (
				380BAB64253104210005FD1D /* LaunchScreen.storyboard in Resources */,
				380BAB61253104210005FD1D /* Assets.xcassets in Resources */,
				380BAB5F2531041E0005FD1D /* Main.storyboard in Resources */,
			);
			runOnlyForDeploymentPostprocessing = 0;
		};
		380BAB68253104210005FD1D /* Resources */ = {
			isa = PBXResourcesBuildPhase;
			buildActionMask = 2147483647;
			files = (
			);
			runOnlyForDeploymentPostprocessing = 0;
		};
/* End PBXResourcesBuildPhase section */

/* Begin PBXSourcesBuildPhase section */
		380BAB502531041E0005FD1D /* Sources */ = {
			isa = PBXSourcesBuildPhase;
			buildActionMask = 2147483647;
			files = (
				380BAB5C2531041E0005FD1D /* ViewController.swift in Sources */,
				380BAB582531041E0005FD1D /* AppDelegate.swift in Sources */,
				380BAB5A2531041E0005FD1D /* SceneDelegate.swift in Sources */,
			);
			runOnlyForDeploymentPostprocessing = 0;
		};
		380BAB66253104210005FD1D /* Sources */ = {
			isa = PBXSourcesBuildPhase;
			buildActionMask = 2147483647;
			files = (
				380BAB6F253104210005FD1D /* XCTestLifecycleTests.swift in Sources */,
			);
			runOnlyForDeploymentPostprocessing = 0;
		};
/* End PBXSourcesBuildPhase section */

/* Begin PBXTargetDependency section */
		380BAB6C253104210005FD1D /* PBXTargetDependency */ = {
			isa = PBXTargetDependency;
			target = 380BAB532531041E0005FD1D /* XCTestLifecycle */;
			targetProxy = 380BAB6B253104210005FD1D /* PBXContainerItemProxy */;
		};
/* End PBXTargetDependency section */

/* Begin PBXVariantGroup section */
		380BAB5D2531041E0005FD1D /* Main.storyboard */ = {
			isa = PBXVariantGroup;
			children = (
				380BAB5E2531041E0005FD1D /* Base */,
			);
			name = Main.storyboard;
			sourceTree = "<group>";
		};
		380BAB62253104210005FD1D /* LaunchScreen.storyboard */ = {
			isa = PBXVariantGroup;
			children = (
				380BAB63253104210005FD1D /* Base */,
			);
			name = LaunchScreen.storyboard;
			sourceTree = "<group>";
		};
/* End PBXVariantGroup section */

/* Begin XCBuildConfiguration section */
		380BAB7C253104210005FD1D /* Debug */ = {
			isa = XCBuildConfiguration;
			buildSettings = {
				ALWAYS_SEARCH_USER_PATHS = NO;
				CLANG_ANALYZER_NONNULL = YES;
				CLANG_ANALYZER_NUMBER_OBJECT_CONVERSION = YES_AGGRESSIVE;
				CLANG_CXX_LANGUAGE_STANDARD = "gnu++14";
				CLANG_CXX_LIBRARY = "libc++";
				CLANG_ENABLE_MODULES = YES;
				CLANG_ENABLE_OBJC_ARC = YES;
				CLANG_ENABLE_OBJC_WEAK = YES;
				CLANG_WARN_BLOCK_CAPTURE_AUTORELEASING = YES;
				CLANG_WARN_BOOL_CONVERSION = YES;
				CLANG_WARN_COMMA = YES;
				CLANG_WARN_CONSTANT_CONVERSION = YES;
				CLANG_WARN_DEPRECATED_OBJC_IMPLEMENTATIONS = YES;
				CLANG_WARN_DIRECT_OBJC_ISA_USAGE = YES_ERROR;
				CLANG_WARN_DOCUMENTATION_COMMENTS = YES;
				CLANG_WARN_EMPTY_BODY = YES;
				CLANG_WARN_ENUM_CONVERSION = YES;
				CLANG_WARN_INFINITE_RECURSION = YES;
				CLANG_WARN_INT_CONVERSION = YES;
				CLANG_WARN_NON_LITERAL_NULL_CONVERSION = YES;
				CLANG_WARN_OBJC_IMPLICIT_RETAIN_SELF = YES;
				CLANG_WARN_OBJC_LITERAL_CONVERSION = YES;
				CLANG_WARN_OBJC_ROOT_CLASS = YES_ERROR;
				CLANG_WARN_QUOTED_INCLUDE_IN_FRAMEWORK_HEADER = YES;
				CLANG_WARN_RANGE_LOOP_ANALYSIS = YES;
				CLANG_WARN_STRICT_PROTOTYPES = YES;
				CLANG_WARN_SUSPICIOUS_MOVE = YES;
				CLANG_WARN_UNGUARDED_AVAILABILITY = YES_AGGRESSIVE;
				CLANG_WARN_UNREACHABLE_CODE = YES;
				CLANG_WARN__DUPLICATE_METHOD_MATCH = YES;
				COPY_PHASE_STRIP = NO;
				DEBUG_INFORMATION_FORMAT = dwarf;
				ENABLE_STRICT_OBJC_MSGSEND = YES;
				ENABLE_TESTABILITY = YES;
				GCC_C_LANGUAGE_STANDARD = gnu11;
				GCC_DYNAMIC_NO_PIC = NO;
				GCC_NO_COMMON_BLOCKS = YES;
				GCC_OPTIMIZATION_LEVEL = 0;
				GCC_PREPROCESSOR_DEFINITIONS = (
					"DEBUG=1",
					"$(inherited)",
				);
				GCC_WARN_64_TO_32_BIT_CONVERSION = YES;
				GCC_WARN_ABOUT_RETURN_TYPE = YES_ERROR;
				GCC_WARN_UNDECLARED_SELECTOR = YES;
				GCC_WARN_UNINITIALIZED_AUTOS = YES_AGGRESSIVE;
				GCC_WARN_UNUSED_FUNCTION = YES;
				GCC_WARN_UNUSED_VARIABLE = YES;
				IPHONEOS_DEPLOYMENT_TARGET = 14.0;
				MTL_ENABLE_DEBUG_INFO = INCLUDE_SOURCE;
				MTL_FAST_MATH = YES;
				ONLY_ACTIVE_ARCH = YES;
				SDKROOT = iphoneos;
				SWIFT_ACTIVE_COMPILATION_CONDITIONS = DEBUG;
				SWIFT_OPTIMIZATION_LEVEL = "-Onone";
			};
			name = Debug;
		};
		380BAB7D253104210005FD1D /* Release */ = {
			isa = XCBuildConfiguration;
			buildSettings = {
				ALWAYS_SEARCH_USER_PATHS = NO;
				CLANG_ANALYZER_NONNULL = YES;
				CLANG_ANALYZER_NUMBER_OBJECT_CONVERSION = YES_AGGRESSIVE;
				CLANG_CXX_LANGUAGE_STANDARD = "gnu++14";
				CLANG_CXX_LIBRARY = "libc++";
				CLANG_ENABLE_MODULES = YES;
				CLANG_ENABLE_OBJC_ARC = YES;
				CLANG_ENABLE_OBJC_WEAK = YES;
				CLANG_WARN_BLOCK_CAPTURE_AUTORELEASING = YES;
				CLANG_WARN_BOOL_CONVERSION = YES;
				CLANG_WARN_COMMA = YES;
				CLANG_WARN_CONSTANT_CONVERSION = YES;
				CLANG_WARN_DEPRECATED_OBJC_IMPLEMENTATIONS = YES;
				CLANG_WARN_DIRECT_OBJC_ISA_USAGE = YES_ERROR;
				CLANG_WARN_DOCUMENTATION_COMMENTS = YES;
				CLANG_WARN_EMPTY_BODY = YES;
				CLANG_WARN_ENUM_CONVERSION = YES;
				CLANG_WARN_INFINITE_RECURSION = YES;
				CLANG_WARN_INT_CONVERSION = YES;
				CLANG_WARN_NON_LITERAL_NULL_CONVERSION = YES;
				CLANG_WARN_OBJC_IMPLICIT_RETAIN_SELF = YES;
				CLANG_WARN_OBJC_LITERAL_CONVERSION = YES;
				CLANG_WARN_OBJC_ROOT_CLASS = YES_ERROR;
				CLANG_WARN_QUOTED_INCLUDE_IN_FRAMEWORK_HEADER = YES;
				CLANG_WARN_RANGE_LOOP_ANALYSIS = YES;
				CLANG_WARN_STRICT_PROTOTYPES = YES;
				CLANG_WARN_SUSPICIOUS_MOVE = YES;
				CLANG_WARN_UNGUARDED_AVAILABILITY = YES_AGGRESSIVE;
				CLANG_WARN_UNREACHABLE_CODE = YES;
				CLANG_WARN__DUPLICATE_METHOD_MATCH = YES;
				COPY_PHASE_STRIP = NO;
				DEBUG_INFORMATION_FORMAT = "dwarf-with-dsym";
				ENABLE_NS_ASSERTIONS = NO;
				ENABLE_STRICT_OBJC_MSGSEND = YES;
				GCC_C_LANGUAGE_STANDARD = gnu11;
				GCC_NO_COMMON_BLOCKS = YES;
				GCC_WARN_64_TO_32_BIT_CONVERSION = YES;
				GCC_WARN_ABOUT_RETURN_TYPE = YES_ERROR;
				GCC_WARN_UNDECLARED_SELECTOR = YES;
				GCC_WARN_UNINITIALIZED_AUTOS = YES_AGGRESSIVE;
				GCC_WARN_UNUSED_FUNCTION = YES;
				GCC_WARN_UNUSED_VARIABLE = YES;
				IPHONEOS_DEPLOYMENT_TARGET = 14.0;
				MTL_ENABLE_DEBUG_INFO = NO;
				MTL_FAST_MATH = YES;
				SDKROOT = iphoneos;
				SWIFT_COMPILATION_MODE = wholemodule;
				SWIFT_OPTIMIZATION_LEVEL = "-O";
				VALIDATE_PRODUCT = YES;
			};
			name = Release;
		};
		380BAB7F253104210005FD1D /* Debug */ = {
			isa = XCBuildConfiguration;
			buildSettings = {
				ASSETCATALOG_COMPILER_APPICON_NAME = AppIcon;
				ASSETCATALOG_COMPILER_GLOBAL_ACCENT_COLOR_NAME = AccentColor;
				CODE_SIGN_STYLE = Automatic;
				DEVELOPMENT_TEAM = 825MF8C7NT;
				INFOPLIST_FILE = XCTestLifecycle/Info.plist;
				LD_RUNPATH_SEARCH_PATHS = (
					"$(inherited)",
					"@executable_path/Frameworks",
				);
				PRODUCT_BUNDLE_IDENTIFIER = com.methodup.XCTestLifecycle;
				PRODUCT_NAME = "$(TARGET_NAME)";
				SWIFT_VERSION = 5.0;
				TARGETED_DEVICE_FAMILY = "1,2";
			};
			name = Debug;
		};
		380BAB80253104210005FD1D /* Release */ = {
			isa = XCBuildConfiguration;
			buildSettings = {
				ASSETCATALOG_COMPILER_APPICON_NAME = AppIcon;
				ASSETCATALOG_COMPILER_GLOBAL_ACCENT_COLOR_NAME = AccentColor;
				CODE_SIGN_STYLE = Automatic;
				DEVELOPMENT_TEAM = 825MF8C7NT;
				INFOPLIST_FILE = XCTestLifecycle/Info.plist;
				LD_RUNPATH_SEARCH_PATHS = (
					"$(inherited)",
					"@executable_path/Frameworks",
				);
				PRODUCT_BUNDLE_IDENTIFIER = com.methodup.XCTestLifecycle;
				PRODUCT_NAME = "$(TARGET_NAME)";
				SWIFT_VERSION = 5.0;
				TARGETED_DEVICE_FAMILY = "1,2";
			};
			name = Release;
		};
		380BAB82253104210005FD1D /* Debug */ = {
			isa = XCBuildConfiguration;
			buildSettings = {
				ALWAYS_EMBED_SWIFT_STANDARD_LIBRARIES = YES;
				BUNDLE_LOADER = "$(TEST_HOST)";
				CODE_SIGN_STYLE = Automatic;
				DEVELOPMENT_TEAM = 825MF8C7NT;
				INFOPLIST_FILE = XCTestLifecycleTests/Info.plist;
				IPHONEOS_DEPLOYMENT_TARGET = 14.0;
				LD_RUNPATH_SEARCH_PATHS = (
					"$(inherited)",
					"@executable_path/Frameworks",
					"@loader_path/Frameworks",
				);
				PRODUCT_BUNDLE_IDENTIFIER = com.methodup.XCTestLifecycleTests;
				PRODUCT_NAME = "$(TARGET_NAME)";
				SWIFT_VERSION = 5.0;
				TARGETED_DEVICE_FAMILY = "1,2";
				TEST_HOST = "$(BUILT_PRODUCTS_DIR)/XCTestLifecycle.app/XCTestLifecycle";
			};
			name = Debug;
		};
		380BAB83253104210005FD1D /* Release */ = {
			isa = XCBuildConfiguration;
			buildSettings = {
				ALWAYS_EMBED_SWIFT_STANDARD_LIBRARIES = YES;
				BUNDLE_LOADER = "$(TEST_HOST)";
				CODE_SIGN_STYLE = Automatic;
				DEVELOPMENT_TEAM = 825MF8C7NT;
				INFOPLIST_FILE = XCTestLifecycleTests/Info.plist;
				IPHONEOS_DEPLOYMENT_TARGET = 14.0;
				LD_RUNPATH_SEARCH_PATHS = (
					"$(inherited)",
					"@executable_path/Frameworks",
					"@loader_path/Frameworks",
				);
				PRODUCT_BUNDLE_IDENTIFIER = com.methodup.XCTestLifecycleTests;
				PRODUCT_NAME = "$(TARGET_NAME)";
				SWIFT_VERSION = 5.0;
				TARGETED_DEVICE_FAMILY = "1,2";
				TEST_HOST = "$(BUILT_PRODUCTS_DIR)/XCTestLifecycle.app/XCTestLifecycle";
			};
			name = Release;
		};
/* End XCBuildConfiguration section */

/* Begin XCConfigurationList section */
		380BAB4F2531041E0005FD1D /* Build configuration list for PBXProject "XCTestLifecycle" */ = {
			isa = XCConfigurationList;
			buildConfigurations = (
				380BAB7C253104210005FD1D /* Debug */,
				380BAB7D253104210005FD1D /* Release */,
			);
			defaultConfigurationIsVisible = 0;
			defaultConfigurationName = Release;
		};
		380BAB7E253104210005FD1D /* Build configuration list for PBXNativeTarget "XCTestLifecycle" */ = {
			isa = XCConfigurationList;
			buildConfigurations = (
				380BAB7F253104210005FD1D /* Debug */,
				380BAB80253104210005FD1D /* Release */,
			);
			defaultConfigurationIsVisible = 0;
			defaultConfigurationName = Release;
		};
		380BAB81253104210005FD1D /* Build configuration list for PBXNativeTarget "XCTestLifecycleTests" */ = {
			isa = XCConfigurationList;
			buildConfigurations = (
				380BAB82253104210005FD1D /* Debug */,
				380BAB83253104210005FD1D /* Release */,
			);
			defaultConfigurationIsVisible = 0;
			defaultConfigurationName = Release;
		};
/* End XCConfigurationList section */
	};
	rootObject = 380BAB4C2531041E0005FD1D /* Project object */;
}
